{
  "originHash" : "d4430b1d7904c8656cd26c062e26230663a2517afb602fa5a1a7b45103cd441d",
  "pins" : [
    {
      "identity" : "ansiterminal",
      "kind" : "remoteSourceControl",
      "location" : "https://github.com/pakLebah/ANSITerminal",
      "state" : {
        "revision" : "8e24fab68c660eca1244a95019ec69a11400d62b",
        "version" : "0.0.3"
      }
    }
  ],
  "version" : 3
}
